
Microsoft Visual Studio Solution File, Format Version 12.00
# Visual Studio Version 17
VisualStudioVersion = 17.9.34902.65
MinimumVisualStudioVersion = 10.0.40219.1
Project("{FAE04EC0-301F-11D3-BF4B-00C04F79EFBC}") = "website", "website\website.csproj", "{1C92B6D2-6D90-472C-8C03-1F3C1C45BBB1}"
EndProject
Global
	GlobalSection(SolutionConfigurationPlatforms) = preSolution
		Debug|Any CPU = Debug|Any CPU
		Release|Any CPU = Release|Any CPU
	EndGlobalSection
	GlobalSection(ProjectConfigurationPlatforms) = postSolution
		{1C92B6D2-6D90-472C-8C03-1F3C1C45BBB1}.Debug|Any CPU.ActiveCfg = Debug|Any CPU
		{1C92B6D2-6D90-472C-8C03-1F3C1C45BBB1}.Debug|Any CPU.Build.0 = Debug|Any CPU
		{1C92B6D2-6D90-472C-8C03-1F3C1C45BBB1}.Release|Any CPU.ActiveCfg = Release|Any CPU
		{1C92B6D2-6D90-472C-8C03-1F3C1C45BBB1}.Release|Any CPU.Build.0 = Release|Any CPU
	EndGlobalSection
	GlobalSection(SolutionProperties) = preSolution
		HideSolutionNode = FALSE
	EndGlobalSection
	GlobalSection(ExtensibilityGlobals) = postSolution
		SolutionGuid = {A5EEFCDE-EB94-4B88-81E7-1986DED18573}
	EndGlobalSection
EndGlobal
